
Microsoft Visual Studio Solution File, Format Version 12.00
# Visual Studio Version 17
Project("{8BC9CEB8-8B4A-11D0-8D11-00A0C91BC942}") = "Editor", "Editor\Editor.vcxproj", "{8C1A20B0-78BC-4A86-6177-5EDA4DB8D1D6}"
EndProject
Project("{2150E333-8FDC-42A3-9474-1A3956D46DE8}") = "External", "External", "{6F244A6A-5BF2-3D70-4486-AE9630F319D5}"
EndProject
Project("{8BC9CEB8-8B4A-11D0-8D11-00A0C91BC942}") = "SpirvCross", "Shape\External\SpirvCross.vcxproj", "{434A39C2-2F02-7B0F-9809-546B84E01500}"
EndProject
Project("{8BC9CEB8-8B4A-11D0-8D11-00A0C91BC942}") = "box2d", "Shape\External\box2d.vcxproj", "{E4442B0F-5059-53C0-19DB-F61F85AE4FF1}"
EndProject
Project("{8BC9CEB8-8B4A-11D0-8D11-00A0C91BC942}") = "freetype", "Shape\External\freetype\freetype.vcxproj", "{89895BD8-7556-B6E3-9E6F-A48B8A9BEB71}"
EndProject
Project("{8BC9CEB8-8B4A-11D0-8D11-00A0C91BC942}") = "glfw", "Shape\External\glfw.vcxproj", "{9563977C-819A-980D-2A87-7E10169D140F}"
EndProject
Project("{8BC9CEB8-8B4A-11D0-8D11-00A0C91BC942}") = "imgui", "Shape\External\imgui.vcxproj", "{0098A80F-6CAC-D0C0-352E-7420A101CDF1}"
EndProject
Project("{8BC9CEB8-8B4A-11D0-8D11-00A0C91BC942}") = "lua", "Shape\External\lua\lua.vcxproj", "{C78D880B-3397-887C-BC12-9F7C281B947C}"
EndProject
Project("{8BC9CEB8-8B4A-11D0-8D11-00A0C91BC942}") = "meshoptimizer", "Shape\External\ModelLoaders\meshoptimizer\meshoptimizer.vcxproj", "{75046AD2-E1C4-E508-AAFF-2E86167F2AE5}"
EndProject
Project("{8BC9CEB8-8B4A-11D0-8D11-00A0C91BC942}") = "msdf-atlas-gen", "Shape\External\msdf-atlas-gen\msdf-atlas-gen.vcxproj", "{38BD587B-248B-4C81-0D1F-BDA7F98B28E6}"
EndProject
Project("{8BC9CEB8-8B4A-11D0-8D11-00A0C91BC942}") = "spdlog", "Shape\External\spdlog\spdlog.vcxproj", "{8EAD431C-7A4F-6EF2-630A-82464F4BF542}"
EndProject
Project("{8BC9CEB8-8B4A-11D0-8D11-00A0C91BC942}") = "Shape", "Shape\Shape.vcxproj", "{D6A4170E-42B9-3FBF-0B3B-E31E770E3CF0}"
EndProject
Global
	GlobalSection(SolutionConfigurationPlatforms) = preSolution
		Debug|x64 = Debug|x64
	EndGlobalSection
	GlobalSection(ProjectConfigurationPlatforms) = postSolution
		{8C1A20B0-78BC-4A86-6177-5EDA4DB8D1D6}.Debug|x64.ActiveCfg = Debug|x64
		{8C1A20B0-78BC-4A86-6177-5EDA4DB8D1D6}.Debug|x64.Build.0 = Debug|x64
		{434A39C2-2F02-7B0F-9809-546B84E01500}.Debug|x64.ActiveCfg = Debug|x64
		{434A39C2-2F02-7B0F-9809-546B84E01500}.Debug|x64.Build.0 = Debug|x64
		{E4442B0F-5059-53C0-19DB-F61F85AE4FF1}.Debug|x64.ActiveCfg = Debug|x64
		{E4442B0F-5059-53C0-19DB-F61F85AE4FF1}.Debug|x64.Build.0 = Debug|x64
		{89895BD8-7556-B6E3-9E6F-A48B8A9BEB71}.Debug|x64.ActiveCfg = Debug|x64
		{89895BD8-7556-B6E3-9E6F-A48B8A9BEB71}.Debug|x64.Build.0 = Debug|x64
		{9563977C-819A-980D-2A87-7E10169D140F}.Debug|x64.ActiveCfg = Debug|x64
		{9563977C-819A-980D-2A87-7E10169D140F}.Debug|x64.Build.0 = Debug|x64
		{0098A80F-6CAC-D0C0-352E-7420A101CDF1}.Debug|x64.ActiveCfg = Debug|x64
		{0098A80F-6CAC-D0C0-352E-7420A101CDF1}.Debug|x64.Build.0 = Debug|x64
		{C78D880B-3397-887C-BC12-9F7C281B947C}.Debug|x64.ActiveCfg = Debug|x64
		{C78D880B-3397-887C-BC12-9F7C281B947C}.Debug|x64.Build.0 = Debug|x64
		{75046AD2-E1C4-E508-AAFF-2E86167F2AE5}.Debug|x64.ActiveCfg = Debug|x64
		{75046AD2-E1C4-E508-AAFF-2E86167F2AE5}.Debug|x64.Build.0 = Debug|x64
		{38BD587B-248B-4C81-0D1F-BDA7F98B28E6}.Debug|x64.ActiveCfg = Debug|x64
		{38BD587B-248B-4C81-0D1F-BDA7F98B28E6}.Debug|x64.Build.0 = Debug|x64
		{8EAD431C-7A4F-6EF2-630A-82464F4BF542}.Debug|x64.ActiveCfg = Debug|x64
		{8EAD431C-7A4F-6EF2-630A-82464F4BF542}.Debug|x64.Build.0 = Debug|x64
		{D6A4170E-42B9-3FBF-0B3B-E31E770E3CF0}.Debug|x64.ActiveCfg = Debug|x64
		{D6A4170E-42B9-3FBF-0B3B-E31E770E3CF0}.Debug|x64.Build.0 = Debug|x64
	EndGlobalSection
	GlobalSection(SolutionProperties) = preSolution
		HideSolutionNode = FALSE
	EndGlobalSection
	GlobalSection(NestedProjects) = preSolution
		{434A39C2-2F02-7B0F-9809-546B84E01500} = {6F244A6A-5BF2-3D70-4486-AE9630F319D5}
		{E4442B0F-5059-53C0-19DB-F61F85AE4FF1} = {6F244A6A-5BF2-3D70-4486-AE9630F319D5}
		{89895BD8-7556-B6E3-9E6F-A48B8A9BEB71} = {6F244A6A-5BF2-3D70-4486-AE9630F319D5}
		{9563977C-819A-980D-2A87-7E10169D140F} = {6F244A6A-5BF2-3D70-4486-AE9630F319D5}
		{0098A80F-6CAC-D0C0-352E-7420A101CDF1} = {6F244A6A-5BF2-3D70-4486-AE9630F319D5}
		{C78D880B-3397-887C-BC12-9F7C281B947C} = {6F244A6A-5BF2-3D70-4486-AE9630F319D5}
		{75046AD2-E1C4-E508-AAFF-2E86167F2AE5} = {6F244A6A-5BF2-3D70-4486-AE9630F319D5}
		{38BD587B-248B-4C81-0D1F-BDA7F98B28E6} = {6F244A6A-5BF2-3D70-4486-AE9630F319D5}
		{8EAD431C-7A4F-6EF2-630A-82464F4BF542} = {6F244A6A-5BF2-3D70-4486-AE9630F319D5}
	EndGlobalSection
EndGlobal
