<?xml version="1.0" encoding="utf-8"?>
<Project ToolsVersion="4.0" xmlns="http://schemas.microsoft.com/developer/msbuild/2003">
  <ItemGroup>
    <Filter Include="Shape">
      <UniqueIdentifier>{D6A4170E-42B9-3FBF-0B3B-E31E770E3CF0}</UniqueIdentifier>
    </Filter>
    <Filter Include="Shape\AI">
      <UniqueIdentifier>{AF4D1B45-9B1A-7650-C433-64F8B05FABDE}</UniqueIdentifier>
    </Filter>
    <Filter Include="Shape\Audio">
      <UniqueIdentifier>{57FBED1D-C3B0-6613-4CA5-60EAB8595D17}</UniqueIdentifier>
    </Filter>
    <Filter Include="Shape\Core">
      <UniqueIdentifier>{EE3E27F9-DAF6-6846-43FE-41A22FD50337}</UniqueIdentifier>
    </Filter>
    <Filter Include="Shape\Core\OS">
      <UniqueIdentifier>{9FD249DE-0B93-C514-D4CD-0E92404D0AF1}</UniqueIdentifier>
    </Filter>
    <Filter Include="Shape\Core\OS\Allocators">
      <UniqueIdentifier>{0207EF69-EE2B-3EEA-1777-237A03FB3C08}</UniqueIdentifier>
    </Filter>
    <Filter Include="Shape\Embedded">
      <UniqueIdentifier>{CF38DEC0-BB06-D2C6-A49A-42ED9007AE2B}</UniqueIdentifier>
    </Filter>
    <Filter Include="Shape\Events">
      <UniqueIdentifier>{FAC314E5-E626-A489-8FAC-DC3F7BEE6F0C}</UniqueIdentifier>
    </Filter>
    <Filter Include="Shape\Graphics">
      <UniqueIdentifier>{D63DB918-C20B-AD1E-AB9F-1D45970C8983}</UniqueIdentifier>
    </Filter>
    <Filter Include="Shape\Graphics\Camera">
      <UniqueIdentifier>{8E25AEE2-FA91-69DD-C385-013B2FB18B45}</UniqueIdentifier>
    </Filter>
    <Filter Include="Shape\Graphics\ModelLoader">
      <UniqueIdentifier>{6D9F92B8-59AF-3E89-C268-A3A7AE972D22}</UniqueIdentifier>
    </Filter>
    <Filter Include="Shape\Graphics\RHI">
      <UniqueIdentifier>{08654B2C-F448-0C82-5DA9-06D549ACF603}</UniqueIdentifier>
    </Filter>
    <Filter Include="Shape\Graphics\Renderers">
      <UniqueIdentifier>{2FBA9CEE-1BDF-EB6E-442A-D1FE30AEEA8C}</UniqueIdentifier>
    </Filter>
    <Filter Include="Shape\ImGui">
      <UniqueIdentifier>{80E2791E-EC97-F213-758C-ECEAE140E917}</UniqueIdentifier>
    </Filter>
    <Filter Include="Shape\Maths">
      <UniqueIdentifier>{C26DBC1E-2E23-3514-B717-2FEB23CC2B18}</UniqueIdentifier>
    </Filter>
    <Filter Include="Shape\Physics">
      <UniqueIdentifier>{481E32B7-B4DE-ADED-7D19-F76AE998F2C9}</UniqueIdentifier>
    </Filter>
    <Filter Include="Shape\Physics\B2PhysicsEngine">
      <UniqueIdentifier>{44AFAC85-B0C7-93AF-7974-2349E54B2849}</UniqueIdentifier>
    </Filter>
    <Filter Include="Shape\Physics\LumosPhysicsEngine">
      <UniqueIdentifier>{C0B51835-AC06-0477-D56A-F238C11A97E0}</UniqueIdentifier>
    </Filter>
    <Filter Include="Shape\Physics\LumosPhysicsEngine\Broadphase">
      <UniqueIdentifier>{E83E9290-54A4-2517-DD7C-C7EF49E11A86}</UniqueIdentifier>
    </Filter>
    <Filter Include="Shape\Physics\LumosPhysicsEngine\CollisionShapes">
      <UniqueIdentifier>{5FCE6AFA-4B77-D229-740D-EEA86015ED6A}</UniqueIdentifier>
    </Filter>
    <Filter Include="Shape\Physics\LumosPhysicsEngine\Constraints">
      <UniqueIdentifier>{87660F18-7379-0F71-1C63-EC5D0855ACBE}</UniqueIdentifier>
    </Filter>
    <Filter Include="Shape\Physics\LumosPhysicsEngine\Narrowphase">
      <UniqueIdentifier>{B976FC0B-A589-FC64-4E73-D9513A6599B2}</UniqueIdentifier>
    </Filter>
    <Filter Include="Shape\Platform">
      <UniqueIdentifier>{EAB17399-D67F-679F-BF13-D8C5AB804304}</UniqueIdentifier>
    </Filter>
    <Filter Include="Shape\Platform\GLFW">
      <UniqueIdentifier>{692FBC7F-D590-998D-5EFE-DF3FCA5ED04C}</UniqueIdentifier>
    </Filter>
    <Filter Include="Shape\Platform\Headless">
      <UniqueIdentifier>{02FD7C08-6E34-C59F-773E-29C3E3F4EB98}</UniqueIdentifier>
    </Filter>
    <Filter Include="Shape\Platform\MacOS">
      <UniqueIdentifier>{2CAEBA77-183D-4441-C15B-583CADC954E7}</UniqueIdentifier>
    </Filter>
    <Filter Include="Shape\Platform\OpenAL">
      <UniqueIdentifier>{18CFCB74-843B-876F-4D2F-1FCDB95AA9D7}</UniqueIdentifier>
    </Filter>
    <Filter Include="Shape\Platform\OpenGL">
      <UniqueIdentifier>{DECFCB74-4A3C-876F-1330-1FCD7F5BA9D7}</UniqueIdentifier>
    </Filter>
    <Filter Include="Shape\Platform\Unix">
      <UniqueIdentifier>{FD71C47F-69D3-A18D-F240-E83F5EA1D84C}</UniqueIdentifier>
    </Filter>
    <Filter Include="Shape\Platform\Vulkan">
      <UniqueIdentifier>{2A347E85-96A0-3980-5F94-D1DDCBBF5BE8}</UniqueIdentifier>
    </Filter>
    <Filter Include="Shape\Platform\Windows">
      <UniqueIdentifier>{24A66166-10A0-8AB8-F90C-21C9E5A5F024}</UniqueIdentifier>
    </Filter>
    <Filter Include="Shape\Platform\iOS">
      <UniqueIdentifier>{E4258AAE-D009-4B04-396A-4557256D3586}</UniqueIdentifier>
    </Filter>
    <Filter Include="Shape\Scene">
      <UniqueIdentifier>{73DA291F-DF8F-A214-6884-9CEBD4389918}</UniqueIdentifier>
    </Filter>
    <Filter Include="Shape\Scene\Component">
      <UniqueIdentifier>{959E5940-010B-153B-CAFE-AC98362A37A3}</UniqueIdentifier>
    </Filter>
    <Filter Include="Shape\Scripting">
      <UniqueIdentifier>{589DBBDA-C428-299F-CD39-AC933944859F}</UniqueIdentifier>
    </Filter>
    <Filter Include="Shape\Scripting\Lua">
      <UniqueIdentifier>{E9A195DF-5503-73ED-DE70-B99F4AD1A9AC}</UniqueIdentifier>
    </Filter>
    <Filter Include="Shape\Utilities">
      <UniqueIdentifier>{C14CC8C5-2DD8-358A-36E9-B87EA2F3918A}</UniqueIdentifier>
    </Filter>
  </ItemGroup>
  <ItemGroup>
    <ClInclude Include="Src\Precompiled.h" />
    <ClInclude Include="Src\Shape\AI\AINode.h">
      <Filter>Shape\AI</Filter>
    </ClInclude>
    <ClInclude Include="Src\Shape\AI\AStar.h">
      <Filter>Shape\AI</Filter>
    </ClInclude>
    <ClInclude Include="Src\Shape\AI\PathEdge.h">
      <Filter>Shape\AI</Filter>
    </ClInclude>
    <ClInclude Include="Src\Shape\AI\PathNode.h">
      <Filter>Shape\AI</Filter>
    </ClInclude>
    <ClInclude Include="Src\Shape\AI\PathNodePriorityQueue.h">
      <Filter>Shape\AI</Filter>
    </ClInclude>
    <ClInclude Include="Src\Shape\AI\QueueablePathNode.h">
      <Filter>Shape\AI</Filter>
    </ClInclude>
    <ClInclude Include="Src\Shape\Audio\AudioData.h">
      <Filter>Shape\Audio</Filter>
    </ClInclude>
    <ClInclude Include="Src\Shape\Audio\AudioManager.h">
      <Filter>Shape\Audio</Filter>
    </ClInclude>
    <ClInclude Include="Src\Shape\Audio\OggLoader.h">
      <Filter>Shape\Audio</Filter>
    </ClInclude>
    <ClInclude Include="Src\Shape\Audio\Sound.h">
      <Filter>Shape\Audio</Filter>
    </ClInclude>
    <ClInclude Include="Src\Shape\Audio\SoundNode.h">
      <Filter>Shape\Audio</Filter>
    </ClInclude>
    <ClInclude Include="Src\Shape\Audio\WavLoader.h">
      <Filter>Shape\Audio</Filter>
    </ClInclude>
    <ClInclude Include="Src\Shape\Core\Application.h">
      <Filter>Shape\Core</Filter>
    </ClInclude>
    <ClInclude Include="Src\Shape\Core\Asset.h">
      <Filter>Shape\Core</Filter>
    </ClInclude>
    <ClInclude Include="Src\Shape\Core\Buffer.h">
      <Filter>Shape\Core</Filter>
    </ClInclude>
    <ClInclude Include="Src\Shape\Core\CommandLine.h">
      <Filter>Shape\Core</Filter>
    </ClInclude>
    <ClInclude Include="Src\Shape\Core\Core.h">
      <Filter>Shape\Core</Filter>
    </ClInclude>
    <ClInclude Include="Src\Shape\Core\CoreSystem.h">
      <Filter>Shape\Core</Filter>
    </ClInclude>
    <ClInclude Include="Src\Shape\Core\Engine.h">
      <Filter>Shape\Core</Filter>
    </ClInclude>
    <ClInclude Include="Src\Shape\Core\EntryPoint.h">
      <Filter>Shape\Core</Filter>
    </ClInclude>
    <ClInclude Include="Src\Shape\Core\JobSystem.h">
      <Filter>Shape\Core</Filter>
    </ClInclude>
    <ClInclude Include="Src\Shape\Core\LMLog.h">
      <Filter>Shape\Core</Filter>
    </ClInclude>
    <ClInclude Include="Src\Shape\Core\OS\Allocators\Allocator.h">
      <Filter>Shape\Core\OS\Allocators</Filter>
    </ClInclude>
    <ClInclude Include="Src\Shape\Core\OS\Allocators\BinAllocator.h">
      <Filter>Shape\Core\OS\Allocators</Filter>
    </ClInclude>
    <ClInclude Include="Src\Shape\Core\OS\Allocators\DefaultAllocator.h">
      <Filter>Shape\Core\OS\Allocators</Filter>
    </ClInclude>
    <ClInclude Include="Src\Shape\Core\OS\Allocators\StbAllocator.h">
      <Filter>Shape\Core\OS\Allocators</Filter>
    </ClInclude>
    <ClInclude Include="Src\Shape\Core\OS\FileSystem.h">
      <Filter>Shape\Core\OS</Filter>
    </ClInclude>
    <ClInclude Include="Src\Shape\Core\OS\Input.h">
      <Filter>Shape\Core\OS</Filter>
    </ClInclude>
    <ClInclude Include="Src\Shape\Core\OS\KeyCodes.h">
      <Filter>Shape\Core\OS</Filter>
    </ClInclude>
    <ClInclude Include="Src\Shape\Core\OS\Memory.h">
      <Filter>Shape\Core\OS</Filter>
    </ClInclude>
    <ClInclude Include="Src\Shape\Core\OS\MemoryManager.h">
      <Filter>Shape\Core\OS</Filter>
    </ClInclude>
    <ClInclude Include="Src\Shape\Core\OS\OS.h">
      <Filter>Shape\Core\OS</Filter>
    </ClInclude>
    <ClInclude Include="Src\Shape\Core\OS\Window.h">
      <Filter>Shape\Core\OS</Filter>
    </ClInclude>
    <ClInclude Include="Src\Shape\Core\Profiler.h">
      <Filter>Shape\Core</Filter>
    </ClInclude>
    <ClInclude Include="Src\Shape\Core\Reference.h">
      <Filter>Shape\Core</Filter>
    </ClInclude>
    <ClInclude Include="Src\Shape\Core\ReferenceCounter.h">
      <Filter>Shape\Core</Filter>
    </ClInclude>
    <ClInclude Include="Src\Shape\Core\StringUtilities.h">
      <Filter>Shape\Core</Filter>
    </ClInclude>
    <ClInclude Include="Src\Shape\Core\UUID.h">
      <Filter>Shape\Core</Filter>
    </ClInclude>
    <ClInclude Include="Src\Shape\Core\VFS.h">
      <Filter>Shape\Core</Filter>
    </ClInclude>
    <ClInclude Include="Src\Shape\Core\Version.h">
      <Filter>Shape\Core</Filter>
    </ClInclude>
    <ClInclude Include="Src\Shape\Embedded\EmbedAsset.h">
      <Filter>Shape\Embedded</Filter>
    </ClInclude>
    <ClInclude Include="Src\Shape\Events\ApplicationEvent.h">
      <Filter>Shape\Events</Filter>
    </ClInclude>
    <ClInclude Include="Src\Shape\Events\Event.h">
      <Filter>Shape\Events</Filter>
    </ClInclude>
    <ClInclude Include="Src\Shape\Events\KeyEvent.h">
      <Filter>Shape\Events</Filter>
    </ClInclude>
    <ClInclude Include="Src\Shape\Events\MouseEvent.h">
      <Filter>Shape\Events</Filter>
    </ClInclude>
    <ClInclude Include="Src\Shape\Graphics\AnimatedSprite.h">
      <Filter>Shape\Graphics</Filter>
    </ClInclude>
    <ClInclude Include="Src\Shape\Graphics\Camera\Camera.h">
      <Filter>Shape\Graphics\Camera</Filter>
    </ClInclude>
    <ClInclude Include="Src\Shape\Graphics\Camera\Camera2D.h">
      <Filter>Shape\Graphics\Camera</Filter>
    </ClInclude>
    <ClInclude Include="Src\Shape\Graphics\Camera\CameraController.h">
      <Filter>Shape\Graphics\Camera</Filter>
    </ClInclude>
    <ClInclude Include="Src\Shape\Graphics\Camera\EditorCamera.h">
      <Filter>Shape\Graphics\Camera</Filter>
    </ClInclude>
    <ClInclude Include="Src\Shape\Graphics\Camera\FPSCamera.h">
      <Filter>Shape\Graphics\Camera</Filter>
    </ClInclude>
    <ClInclude Include="Src\Shape\Graphics\Camera\ThirdPersonCamera.h">
      <Filter>Shape\Graphics\Camera</Filter>
    </ClInclude>
    <ClInclude Include="Src\Shape\Graphics\Environment.h">
      <Filter>Shape\Graphics</Filter>
    </ClInclude>
    <ClInclude Include="Src\Shape\Graphics\Font.h">
      <Filter>Shape\Graphics</Filter>
    </ClInclude>
    <ClInclude Include="Src\Shape\Graphics\GBuffer.h">
      <Filter>Shape\Graphics</Filter>
    </ClInclude>
    <ClInclude Include="Src\Shape\Graphics\Light.h">
      <Filter>Shape\Graphics</Filter>
    </ClInclude>
    <ClInclude Include="Src\Shape\Graphics\MSDFData.h">
      <Filter>Shape\Graphics</Filter>
    </ClInclude>
    <ClInclude Include="Src\Shape\Graphics\Material.h">
      <Filter>Shape\Graphics</Filter>
    </ClInclude>
    <ClInclude Include="Src\Shape\Graphics\Mesh.h">
      <Filter>Shape\Graphics</Filter>
    </ClInclude>
    <ClInclude Include="Src\Shape\Graphics\MeshFactory.h">
      <Filter>Shape\Graphics</Filter>
    </ClInclude>
    <ClInclude Include="Src\Shape\Graphics\Model.h">
      <Filter>Shape\Graphics</Filter>
    </ClInclude>
    <ClInclude Include="Src\Shape\Graphics\RHI\BufferLayout.h">
      <Filter>Shape\Graphics\RHI</Filter>
    </ClInclude>
    <ClInclude Include="Src\Shape\Graphics\RHI\CommandBuffer.h">
      <Filter>Shape\Graphics\RHI</Filter>
    </ClInclude>
    <ClInclude Include="Src\Shape\Graphics\RHI\Definitions.h">
      <Filter>Shape\Graphics\RHI</Filter>
    </ClInclude>
    <ClInclude Include="Src\Shape\Graphics\RHI\DescriptorSet.h">
      <Filter>Shape\Graphics\RHI</Filter>
    </ClInclude>
    <ClInclude Include="Src\Shape\Graphics\RHI\Framebuffer.h">
      <Filter>Shape\Graphics\RHI</Filter>
    </ClInclude>
    <ClInclude Include="Src\Shape\Graphics\RHI\GPUProfile.h">
      <Filter>Shape\Graphics\RHI</Filter>
    </ClInclude>
    <ClInclude Include="Src\Shape\Graphics\RHI\GraphicsContext.h">
      <Filter>Shape\Graphics\RHI</Filter>
    </ClInclude>
    <ClInclude Include="Src\Shape\Graphics\RHI\IMGUIRenderer.h">
      <Filter>Shape\Graphics\RHI</Filter>
    </ClInclude>
    <ClInclude Include="Src\Shape\Graphics\RHI\IndexBuffer.h">
      <Filter>Shape\Graphics\RHI</Filter>
    </ClInclude>
    <ClInclude Include="Src\Shape\Graphics\RHI\Pipeline.h">
      <Filter>Shape\Graphics\RHI</Filter>
    </ClInclude>
    <ClInclude Include="Src\Shape\Graphics\RHI\RenderDevice.h">
      <Filter>Shape\Graphics\RHI</Filter>
    </ClInclude>
    <ClInclude Include="Src\Shape\Graphics\RHI\RenderDoc.h">
      <Filter>Shape\Graphics\RHI</Filter>
    </ClInclude>
    <ClInclude Include="Src\Shape\Graphics\RHI\RenderPass.h">
      <Filter>Shape\Graphics\RHI</Filter>
    </ClInclude>
    <ClInclude Include="Src\Shape\Graphics\RHI\Renderer.h">
      <Filter>Shape\Graphics\RHI</Filter>
    </ClInclude>
    <ClInclude Include="Src\Shape\Graphics\RHI\Shader.h">
      <Filter>Shape\Graphics\RHI</Filter>
    </ClInclude>
    <ClInclude Include="Src\Shape\Graphics\RHI\SwapChain.h">
      <Filter>Shape\Graphics\RHI</Filter>
    </ClInclude>
    <ClInclude Include="Src\Shape\Graphics\RHI\Texture.h">
      <Filter>Shape\Graphics\RHI</Filter>
    </ClInclude>
    <ClInclude Include="Src\Shape\Graphics\RHI\UniformBuffer.h">
      <Filter>Shape\Graphics\RHI</Filter>
    </ClInclude>
    <ClInclude Include="Src\Shape\Graphics\RHI\VertexBuffer.h">
      <Filter>Shape\Graphics\RHI</Filter>
    </ClInclude>
    <ClInclude Include="Src\Shape\Graphics\Renderable2D.h">
      <Filter>Shape\Graphics</Filter>
    </ClInclude>
    <ClInclude Include="Src\Shape\Graphics\Renderers\DebugRenderer.h">
      <Filter>Shape\Graphics\Renderers</Filter>
    </ClInclude>
    <ClInclude Include="Src\Shape\Graphics\Renderers\GridRenderer.h">
      <Filter>Shape\Graphics\Renderers</Filter>
    </ClInclude>
    <ClInclude Include="Src\Shape\Graphics\Renderers\IRenderer.h">
      <Filter>Shape\Graphics\Renderers</Filter>
    </ClInclude>
    <ClInclude Include="Src\Shape\Graphics\Renderers\RenderCommand.h">
      <Filter>Shape\Graphics\Renderers</Filter>
    </ClInclude>
    <ClInclude Include="Src\Shape\Graphics\Renderers\SceneRenderer.h">
      <Filter>Shape\Graphics\Renderers</Filter>
    </ClInclude>
    <ClInclude Include="Src\Shape\Graphics\Sprite.h">
      <Filter>Shape\Graphics</Filter>
    </ClInclude>
    <ClInclude Include="Src\Shape\Graphics\Terrain.h">
      <Filter>Shape\Graphics</Filter>
    </ClInclude>
    <ClInclude Include="Src\Shape\ImGui\IconsMaterialDesignIcons.h">
      <Filter>Shape\ImGui</Filter>
    </ClInclude>
    <ClInclude Include="Src\Shape\ImGui\ImConfig.h">
      <Filter>Shape\ImGui</Filter>
    </ClInclude>
    <ClInclude Include="Src\Shape\ImGui\ImGuiManager.h">
      <Filter>Shape\ImGui</Filter>
    </ClInclude>
    <ClInclude Include="Src\Shape\ImGui\ImGuiUtilities.h">
      <Filter>Shape\ImGui</Filter>
    </ClInclude>
    <ClInclude Include="Src\Shape\Maths\BoundingBox.h">
      <Filter>Shape\Maths</Filter>
    </ClInclude>
    <ClInclude Include="Src\Shape\Maths\BoundingSphere.h">
      <Filter>Shape\Maths</Filter>
    </ClInclude>
    <ClInclude Include="Src\Shape\Maths\Frustum.h">
      <Filter>Shape\Maths</Filter>
    </ClInclude>
    <ClInclude Include="Src\Shape\Maths\Maths.h">
      <Filter>Shape\Maths</Filter>
    </ClInclude>
    <ClInclude Include="Src\Shape\Maths\MathsUtilities.h">
      <Filter>Shape\Maths</Filter>
    </ClInclude>
    <ClInclude Include="Src\Shape\Maths\Plane.h">
      <Filter>Shape\Maths</Filter>
    </ClInclude>
    <ClInclude Include="Src\Shape\Maths\Random.h">
      <Filter>Shape\Maths</Filter>
    </ClInclude>
    <ClInclude Include="Src\Shape\Maths\Ray.h">
      <Filter>Shape\Maths</Filter>
    </ClInclude>
    <ClInclude Include="Src\Shape\Maths\Rect.h">
      <Filter>Shape\Maths</Filter>
    </ClInclude>
    <ClInclude Include="Src\Shape\Maths\Transform.h">
      <Filter>Shape\Maths</Filter>
    </ClInclude>
    <ClInclude Include="Src\Shape\Physics\B2PhysicsEngine\B2DebugDraw.h">
      <Filter>Shape\Physics\B2PhysicsEngine</Filter>
    </ClInclude>
    <ClInclude Include="Src\Shape\Physics\B2PhysicsEngine\B2PhysicsEngine.h">
      <Filter>Shape\Physics\B2PhysicsEngine</Filter>
    </ClInclude>
    <ClInclude Include="Src\Shape\Physics\B2PhysicsEngine\RigidBody2D.h">
      <Filter>Shape\Physics\B2PhysicsEngine</Filter>
    </ClInclude>
    <ClInclude Include="Src\Shape\Physics\LumosPhysicsEngine\Broadphase\Broadphase.h">
      <Filter>Shape\Physics\LumosPhysicsEngine\Broadphase</Filter>
    </ClInclude>
    <ClInclude Include="Src\Shape\Physics\LumosPhysicsEngine\Broadphase\BruteForceBroadphase.h">
      <Filter>Shape\Physics\LumosPhysicsEngine\Broadphase</Filter>
    </ClInclude>
    <ClInclude Include="Src\Shape\Physics\LumosPhysicsEngine\Broadphase\OctreeBroadphase.h">
      <Filter>Shape\Physics\LumosPhysicsEngine\Broadphase</Filter>
    </ClInclude>
    <ClInclude Include="Src\Shape\Physics\LumosPhysicsEngine\Broadphase\SortAndSweepBroadphase.h">
      <Filter>Shape\Physics\LumosPhysicsEngine\Broadphase</Filter>
    </ClInclude>
    <ClInclude Include="Src\Shape\Physics\LumosPhysicsEngine\CollisionShapes\CapsuleCollisionShape.h">
      <Filter>Shape\Physics\LumosPhysicsEngine\CollisionShapes</Filter>
    </ClInclude>
    <ClInclude Include="Src\Shape\Physics\LumosPhysicsEngine\CollisionShapes\CollisionShape.h">
      <Filter>Shape\Physics\LumosPhysicsEngine\CollisionShapes</Filter>
    </ClInclude>
    <ClInclude Include="Src\Shape\Physics\LumosPhysicsEngine\CollisionShapes\CuboidCollisionShape.h">
      <Filter>Shape\Physics\LumosPhysicsEngine\CollisionShapes</Filter>
    </ClInclude>
    <ClInclude Include="Src\Shape\Physics\LumosPhysicsEngine\CollisionShapes\Hull.h">
      <Filter>Shape\Physics\LumosPhysicsEngine\CollisionShapes</Filter>
    </ClInclude>
    <ClInclude Include="Src\Shape\Physics\LumosPhysicsEngine\CollisionShapes\HullCollisionShape.h">
      <Filter>Shape\Physics\LumosPhysicsEngine\CollisionShapes</Filter>
    </ClInclude>
    <ClInclude Include="Src\Shape\Physics\LumosPhysicsEngine\CollisionShapes\PyramidCollisionShape.h">
      <Filter>Shape\Physics\LumosPhysicsEngine\CollisionShapes</Filter>
    </ClInclude>
    <ClInclude Include="Src\Shape\Physics\LumosPhysicsEngine\CollisionShapes\SphereCollisionShape.h">
      <Filter>Shape\Physics\LumosPhysicsEngine\CollisionShapes</Filter>
    </ClInclude>
    <ClInclude Include="Src\Shape\Physics\LumosPhysicsEngine\Constraints\AxisConstraint.h">
      <Filter>Shape\Physics\LumosPhysicsEngine\Constraints</Filter>
    </ClInclude>
    <ClInclude Include="Src\Shape\Physics\LumosPhysicsEngine\Constraints\Constraint.h">
      <Filter>Shape\Physics\LumosPhysicsEngine\Constraints</Filter>
    </ClInclude>
    <ClInclude Include="Src\Shape\Physics\LumosPhysicsEngine\Constraints\DistanceConstraint.h">
      <Filter>Shape\Physics\LumosPhysicsEngine\Constraints</Filter>
    </ClInclude>
    <ClInclude Include="Src\Shape\Physics\LumosPhysicsEngine\Constraints\SpringConstraint.h">
      <Filter>Shape\Physics\LumosPhysicsEngine\Constraints</Filter>
    </ClInclude>
    <ClInclude Include="Src\Shape\Physics\LumosPhysicsEngine\Constraints\WeldConstraint.h">
      <Filter>Shape\Physics\LumosPhysicsEngine\Constraints</Filter>
    </ClInclude>
    <ClInclude Include="Src\Shape\Physics\LumosPhysicsEngine\Integration.h">
      <Filter>Shape\Physics\LumosPhysicsEngine</Filter>
    </ClInclude>
    <ClInclude Include="Src\Shape\Physics\LumosPhysicsEngine\LumosPhysicsEngine.h">
      <Filter>Shape\Physics\LumosPhysicsEngine</Filter>
    </ClInclude>
    <ClInclude Include="Src\Shape\Physics\LumosPhysicsEngine\Narrowphase\CollisionDetection.h">
      <Filter>Shape\Physics\LumosPhysicsEngine\Narrowphase</Filter>
    </ClInclude>
    <ClInclude Include="Src\Shape\Physics\LumosPhysicsEngine\Narrowphase\Manifold.h">
      <Filter>Shape\Physics\LumosPhysicsEngine\Narrowphase</Filter>
    </ClInclude>
    <ClInclude Include="Src\Shape\Physics\LumosPhysicsEngine\RigidBody3D.h">
      <Filter>Shape\Physics\LumosPhysicsEngine</Filter>
    </ClInclude>
    <ClInclude Include="Src\Shape\Physics\RigidBody.h">
      <Filter>Shape\Physics</Filter>
    </ClInclude>
    <ClInclude Include="Src\Shape\Platform\GLFW\GLFWKeyCodes.h">
      <Filter>Shape\Platform\GLFW</Filter>
    </ClInclude>
    <ClInclude Include="Src\Shape\Platform\GLFW\GLFWWindow.h">
      <Filter>Shape\Platform\GLFW</Filter>
    </ClInclude>
    <ClInclude Include="Src\Shape\Platform\Headless\HeadlessWindow.h">
      <Filter>Shape\Platform\Headless</Filter>
    </ClInclude>
    <ClInclude Include="Src\Shape\Platform\Headless\RenderAPINone.h">
      <Filter>Shape\Platform\Headless</Filter>
    </ClInclude>
    <ClInclude Include="Src\Shape\Platform\MacOS\MacOSOS.h">
      <Filter>Shape\Platform\MacOS</Filter>
    </ClInclude>
    <ClInclude Include="Src\Shape\Platform\MacOS\MacOSPower.h">
      <Filter>Shape\Platform\MacOS</Filter>
    </ClInclude>
    <ClInclude Include="Src\Shape\Platform\OpenAL\ALManager.h">
      <Filter>Shape\Platform\OpenAL</Filter>
    </ClInclude>
    <ClInclude Include="Src\Shape\Platform\OpenAL\ALSound.h">
      <Filter>Shape\Platform\OpenAL</Filter>
    </ClInclude>
    <ClInclude Include="Src\Shape\Platform\OpenAL\ALSoundNode.h">
      <Filter>Shape\Platform\OpenAL</Filter>
    </ClInclude>
    <ClInclude Include="Src\Shape\Platform\OpenGL\GL.h">
      <Filter>Shape\Platform\OpenGL</Filter>
    </ClInclude>
    <ClInclude Include="Src\Shape\Platform\OpenGL\GLCommandBuffer.h">
      <Filter>Shape\Platform\OpenGL</Filter>
    </ClInclude>
    <ClInclude Include="Src\Shape\Platform\OpenGL\GLContext.h">
      <Filter>Shape\Platform\OpenGL</Filter>
    </ClInclude>
    <ClInclude Include="Src\Shape\Platform\OpenGL\GLDebug.h">
      <Filter>Shape\Platform\OpenGL</Filter>
    </ClInclude>
    <ClInclude Include="Src\Shape\Platform\OpenGL\GLDescriptorSet.h">
      <Filter>Shape\Platform\OpenGL</Filter>
    </ClInclude>
    <ClInclude Include="Src\Shape\Platform\OpenGL\GLFramebuffer.h">
      <Filter>Shape\Platform\OpenGL</Filter>
    </ClInclude>
    <ClInclude Include="Src\Shape\Platform\OpenGL\GLFunctions.h">
      <Filter>Shape\Platform\OpenGL</Filter>
    </ClInclude>
    <ClInclude Include="Src\Shape\Platform\OpenGL\GLIMGUIRenderer.h">
      <Filter>Shape\Platform\OpenGL</Filter>
    </ClInclude>
    <ClInclude Include="Src\Shape\Platform\OpenGL\GLIndexBuffer.h">
      <Filter>Shape\Platform\OpenGL</Filter>
    </ClInclude>
    <ClInclude Include="Src\Shape\Platform\OpenGL\GLPipeline.h">
      <Filter>Shape\Platform\OpenGL</Filter>
    </ClInclude>
    <ClInclude Include="Src\Shape\Platform\OpenGL\GLRenderDevice.h">
      <Filter>Shape\Platform\OpenGL</Filter>
    </ClInclude>
    <ClInclude Include="Src\Shape\Platform\OpenGL\GLRenderPass.h">
      <Filter>Shape\Platform\OpenGL</Filter>
    </ClInclude>
    <ClInclude Include="Src\Shape\Platform\OpenGL\GLRenderer.h">
      <Filter>Shape\Platform\OpenGL</Filter>
    </ClInclude>
    <ClInclude Include="Src\Shape\Platform\OpenGL\GLShader.h">
      <Filter>Shape\Platform\OpenGL</Filter>
    </ClInclude>
    <ClInclude Include="Src\Shape\Platform\OpenGL\GLSwapChain.h">
      <Filter>Shape\Platform\OpenGL</Filter>
    </ClInclude>
    <ClInclude Include="Src\Shape\Platform\OpenGL\GLTexture.h">
      <Filter>Shape\Platform\OpenGL</Filter>
    </ClInclude>
    <ClInclude Include="Src\Shape\Platform\OpenGL\GLTypes.h">
      <Filter>Shape\Platform\OpenGL</Filter>
    </ClInclude>
    <ClInclude Include="Src\Shape\Platform\OpenGL\GLUniformBuffer.h">
      <Filter>Shape\Platform\OpenGL</Filter>
    </ClInclude>
    <ClInclude Include="Src\Shape\Platform\OpenGL\GLUtilities.h">
      <Filter>Shape\Platform\OpenGL</Filter>
    </ClInclude>
    <ClInclude Include="Src\Shape\Platform\OpenGL\GLVertexBuffer.h">
      <Filter>Shape\Platform\OpenGL</Filter>
    </ClInclude>
    <ClInclude Include="Src\Shape\Platform\Unix\UnixOS.h">
      <Filter>Shape\Platform\Unix</Filter>
    </ClInclude>
    <ClInclude Include="Src\Shape\Platform\Vulkan\VK.h">
      <Filter>Shape\Platform\Vulkan</Filter>
    </ClInclude>
    <ClInclude Include="Src\Shape\Platform\Vulkan\VKBuffer.h">
      <Filter>Shape\Platform\Vulkan</Filter>
    </ClInclude>
    <ClInclude Include="Src\Shape\Platform\Vulkan\VKCommandBuffer.h">
      <Filter>Shape\Platform\Vulkan</Filter>
    </ClInclude>
    <ClInclude Include="Src\Shape\Platform\Vulkan\VKCommandPool.h">
      <Filter>Shape\Platform\Vulkan</Filter>
    </ClInclude>
    <ClInclude Include="Src\Shape\Platform\Vulkan\VKContext.h">
      <Filter>Shape\Platform\Vulkan</Filter>
    </ClInclude>
    <ClInclude Include="Src\Shape\Platform\Vulkan\VKDescriptorSet.h">
      <Filter>Shape\Platform\Vulkan</Filter>
    </ClInclude>
    <ClInclude Include="Src\Shape\Platform\Vulkan\VKDevice.h">
      <Filter>Shape\Platform\Vulkan</Filter>
    </ClInclude>
    <ClInclude Include="Src\Shape\Platform\Vulkan\VKFence.h">
      <Filter>Shape\Platform\Vulkan</Filter>
    </ClInclude>
    <ClInclude Include="Src\Shape\Platform\Vulkan\VKFramebuffer.h">
      <Filter>Shape\Platform\Vulkan</Filter>
    </ClInclude>
    <ClInclude Include="Src\Shape\Platform\Vulkan\VKFunctions.h">
      <Filter>Shape\Platform\Vulkan</Filter>
    </ClInclude>
    <ClInclude Include="Src\Shape\Platform\Vulkan\VKIMGUIRenderer.h">
      <Filter>Shape\Platform\Vulkan</Filter>
    </ClInclude>
    <ClInclude Include="Src\Shape\Platform\Vulkan\VKIndexBuffer.h">
      <Filter>Shape\Platform\Vulkan</Filter>
    </ClInclude>
    <ClInclude Include="Src\Shape\Platform\Vulkan\VKInitialisers.h">
      <Filter>Shape\Platform\Vulkan</Filter>
    </ClInclude>
    <ClInclude Include="Src\Shape\Platform\Vulkan\VKPipeline.h">
      <Filter>Shape\Platform\Vulkan</Filter>
    </ClInclude>
    <ClInclude Include="Src\Shape\Platform\Vulkan\VKRenderDevice.h">
      <Filter>Shape\Platform\Vulkan</Filter>
    </ClInclude>
    <ClInclude Include="Src\Shape\Platform\Vulkan\VKRenderPass.h">
      <Filter>Shape\Platform\Vulkan</Filter>
    </ClInclude>
    <ClInclude Include="Src\Shape\Platform\Vulkan\VKRenderer.h">
      <Filter>Shape\Platform\Vulkan</Filter>
    </ClInclude>
    <ClInclude Include="Src\Shape\Platform\Vulkan\VKShader.h">
      <Filter>Shape\Platform\Vulkan</Filter>
    </ClInclude>
    <ClInclude Include="Src\Shape\Platform\Vulkan\VKSwapChain.h">
      <Filter>Shape\Platform\Vulkan</Filter>
    </ClInclude>
    <ClInclude Include="Src\Shape\Platform\Vulkan\VKTexture.h">
      <Filter>Shape\Platform\Vulkan</Filter>
    </ClInclude>
    <ClInclude Include="Src\Shape\Platform\Vulkan\VKUniformBuffer.h">
      <Filter>Shape\Platform\Vulkan</Filter>
    </ClInclude>
    <ClInclude Include="Src\Shape\Platform\Vulkan\VKUtilities.h">
      <Filter>Shape\Platform\Vulkan</Filter>
    </ClInclude>
    <ClInclude Include="Src\Shape\Platform\Vulkan\VKVertexBuffer.h">
      <Filter>Shape\Platform\Vulkan</Filter>
    </ClInclude>
    <ClInclude Include="Src\Shape\Platform\Windows\WindowsKeycodes.h">
      <Filter>Shape\Platform\Windows</Filter>
    </ClInclude>
    <ClInclude Include="Src\Shape\Platform\Windows\WindowsOS.h">
      <Filter>Shape\Platform\Windows</Filter>
    </ClInclude>
    <ClInclude Include="Src\Shape\Platform\Windows\WindowsPower.h">
      <Filter>Shape\Platform\Windows</Filter>
    </ClInclude>
    <ClInclude Include="Src\Shape\Platform\Windows\WindowsUtilities.h">
      <Filter>Shape\Platform\Windows</Filter>
    </ClInclude>
    <ClInclude Include="Src\Shape\Platform\Windows\WindowsWindow.h">
      <Filter>Shape\Platform\Windows</Filter>
    </ClInclude>
    <ClInclude Include="Src\Shape\Platform\iOS\iOSKeyCodes.h">
      <Filter>Shape\Platform\iOS</Filter>
    </ClInclude>
    <ClInclude Include="Src\Shape\Platform\iOS\iOSOS.h">
      <Filter>Shape\Platform\iOS</Filter>
    </ClInclude>
    <ClInclude Include="Src\Shape\Platform\iOS\iOSPower.h">
      <Filter>Shape\Platform\iOS</Filter>
    </ClInclude>
    <ClInclude Include="Src\Shape\Platform\iOS\iOSWindow.h">
      <Filter>Shape\Platform\iOS</Filter>
    </ClInclude>
    <ClInclude Include="Src\Shape\Scene\Component\AIComponent.h">
      <Filter>Shape\Scene\Component</Filter>
    </ClInclude>
    <ClInclude Include="Src\Shape\Scene\Component\Components.h">
      <Filter>Shape\Scene\Component</Filter>
    </ClInclude>
    <ClInclude Include="Src\Shape\Scene\Component\ModelComponent.h">
      <Filter>Shape\Scene\Component</Filter>
    </ClInclude>
    <ClInclude Include="Src\Shape\Scene\Component\RigidBody2DComponent.h">
      <Filter>Shape\Scene\Component</Filter>
    </ClInclude>
    <ClInclude Include="Src\Shape\Scene\Component\RigidBody3DComponent.h">
      <Filter>Shape\Scene\Component</Filter>
    </ClInclude>
    <ClInclude Include="Src\Shape\Scene\Component\SoundComponent.h">
      <Filter>Shape\Scene\Component</Filter>
    </ClInclude>
    <ClInclude Include="Src\Shape\Scene\Component\TextureMatrixComponent.h">
      <Filter>Shape\Scene\Component</Filter>
    </ClInclude>
    <ClInclude Include="Src\Shape\Scene\Entity.h">
      <Filter>Shape\Scene</Filter>
    </ClInclude>
    <ClInclude Include="Src\Shape\Scene\EntityFactory.h">
      <Filter>Shape\Scene</Filter>
    </ClInclude>
    <ClInclude Include="Src\Shape\Scene\EntityManager.h">
      <Filter>Shape\Scene</Filter>
    </ClInclude>
    <ClInclude Include="Src\Shape\Scene\ISystem.h">
      <Filter>Shape\Scene</Filter>
    </ClInclude>
    <ClInclude Include="Src\Shape\Scene\Scene.h">
      <Filter>Shape\Scene</Filter>
    </ClInclude>
    <ClInclude Include="Src\Shape\Scene\SceneGraph.h">
      <Filter>Shape\Scene</Filter>
    </ClInclude>
    <ClInclude Include="Src\Shape\Scene\SceneManager.h">
      <Filter>Shape\Scene</Filter>
    </ClInclude>
    <ClInclude Include="Src\Shape\Scene\Serialisation.h">
      <Filter>Shape\Scene</Filter>
    </ClInclude>
    <ClInclude Include="Src\Shape\Scene\SystemManager.h">
      <Filter>Shape\Scene</Filter>
    </ClInclude>
    <ClInclude Include="Src\Shape\Scripting\Lua\ImGuiLua.h">
      <Filter>Shape\Scripting\Lua</Filter>
    </ClInclude>
    <ClInclude Include="Src\Shape\Scripting\Lua\LuaManager.h">
      <Filter>Shape\Scripting\Lua</Filter>
    </ClInclude>
    <ClInclude Include="Src\Shape\Scripting\Lua\LuaScriptComponent.h">
      <Filter>Shape\Scripting\Lua</Filter>
    </ClInclude>
    <ClInclude Include="Src\Shape\Scripting\Lua\MathsLua.h">
      <Filter>Shape\Scripting\Lua</Filter>
    </ClInclude>
    <ClInclude Include="Src\Shape\Scripting\Lua\PhysicsLua.h">
      <Filter>Shape\Scripting\Lua</Filter>
    </ClInclude>
    <ClInclude Include="Src\Shape\Utilities\AssetManager.h">
      <Filter>Shape\Utilities</Filter>
    </ClInclude>
    <ClInclude Include="Src\Shape\Utilities\CombineHash.h">
      <Filter>Shape\Utilities</Filter>
    </ClInclude>
    <ClInclude Include="Src\Shape\Utilities\IniFile.h">
      <Filter>Shape\Utilities</Filter>
    </ClInclude>
    <ClInclude Include="Src\Shape\Utilities\LoadImage.h">
      <Filter>Shape\Utilities</Filter>
    </ClInclude>
    <ClInclude Include="Src\Shape\Utilities\TSingleton.h">
      <Filter>Shape\Utilities</Filter>
    </ClInclude>
    <ClInclude Include="Src\Shape\Utilities\TimeStep.h">
      <Filter>Shape\Utilities</Filter>
    </ClInclude>
    <ClInclude Include="Src\Shape\Utilities\Timer.h">
      <Filter>Shape\Utilities</Filter>
    </ClInclude>
    <ClInclude Include="Src\ShapeEngine.h" />
  </ItemGroup>
  <ItemGroup>
    <ClCompile Include="Src\Precompiled.cpp" />
    <ClCompile Include="Src\Shape\AI\AStar.cpp">
      <Filter>Shape\AI</Filter>
    </ClCompile>
    <ClCompile Include="Src\Shape\AI\PathEdge.cpp">
      <Filter>Shape\AI</Filter>
    </ClCompile>
    <ClCompile Include="Src\Shape\AI\PathNode.cpp">
      <Filter>Shape\AI</Filter>
    </ClCompile>
    <ClCompile Include="Src\Shape\Audio\AudioManager.cpp">
      <Filter>Shape\Audio</Filter>
    </ClCompile>
    <ClCompile Include="Src\Shape\Audio\OggLoader.cpp">
      <Filter>Shape\Audio</Filter>
    </ClCompile>
    <ClCompile Include="Src\Shape\Audio\Sound.cpp">
      <Filter>Shape\Audio</Filter>
    </ClCompile>
    <ClCompile Include="Src\Shape\Audio\SoundNode.cpp">
      <Filter>Shape\Audio</Filter>
    </ClCompile>
    <ClCompile Include="Src\Shape\Audio\WavLoader.cpp">
      <Filter>Shape\Audio</Filter>
    </ClCompile>
    <ClCompile Include="Src\Shape\Core\Application.cpp">
      <Filter>Shape\Core</Filter>
    </ClCompile>
    <ClCompile Include="Src\Shape\Core\CommandLine.cpp">
      <Filter>Shape\Core</Filter>
    </ClCompile>
    <ClCompile Include="Src\Shape\Core\CoreSystem.cpp">
      <Filter>Shape\Core</Filter>
    </ClCompile>
    <ClCompile Include="Src\Shape\Core\Engine.cpp">
      <Filter>Shape\Core</Filter>
    </ClCompile>
    <ClCompile Include="Src\Shape\Core\JobSystem.cpp">
      <Filter>Shape\Core</Filter>
    </ClCompile>
    <ClCompile Include="Src\Shape\Core\LMLog.cpp">
      <Filter>Shape\Core</Filter>
    </ClCompile>
    <ClCompile Include="Src\Shape\Core\OS\Allocators\BinAllocator.cpp">
      <Filter>Shape\Core\OS\Allocators</Filter>
    </ClCompile>
    <ClCompile Include="Src\Shape\Core\OS\Allocators\DefaultAllocator.cpp">
      <Filter>Shape\Core\OS\Allocators</Filter>
    </ClCompile>
    <ClCompile Include="Src\Shape\Core\OS\Allocators\StbAllocator.cpp">
      <Filter>Shape\Core\OS\Allocators</Filter>
    </ClCompile>
    <ClCompile Include="Src\Shape\Core\OS\FileSystem.cpp">
      <Filter>Shape\Core\OS</Filter>
    </ClCompile>
    <ClCompile Include="Src\Shape\Core\OS\Input.cpp">
      <Filter>Shape\Core\OS</Filter>
    </ClCompile>
    <ClCompile Include="Src\Shape\Core\OS\Memory.cpp">
      <Filter>Shape\Core\OS</Filter>
    </ClCompile>
    <ClCompile Include="Src\Shape\Core\OS\MemoryManager.cpp">
      <Filter>Shape\Core\OS</Filter>
    </ClCompile>
    <ClCompile Include="Src\Shape\Core\OS\OS.cpp">
      <Filter>Shape\Core\OS</Filter>
    </ClCompile>
    <ClCompile Include="Src\Shape\Core\OS\Window.cpp">
      <Filter>Shape\Core\OS</Filter>
    </ClCompile>
    <ClCompile Include="Src\Shape\Core\Reference.cpp">
      <Filter>Shape\Core</Filter>
    </ClCompile>
    <ClCompile Include="Src\Shape\Core\StringUtilities.cpp">
      <Filter>Shape\Core</Filter>
    </ClCompile>
    <ClCompile Include="Src\Shape\Core\UUID.cpp">
      <Filter>Shape\Core</Filter>
    </ClCompile>
    <ClCompile Include="Src\Shape\Core\VFS.cpp">
      <Filter>Shape\Core</Filter>
    </ClCompile>
    <ClCompile Include="Src\Shape\Embedded\EmbedAsset.cpp">
      <Filter>Shape\Embedded</Filter>
    </ClCompile>
    <ClCompile Include="Src\Shape\Graphics\AnimatedSprite.cpp">
      <Filter>Shape\Graphics</Filter>
    </ClCompile>
    <ClCompile Include="Src\Shape\Graphics\Camera\Camera.cpp">
      <Filter>Shape\Graphics\Camera</Filter>
    </ClCompile>
    <ClCompile Include="Src\Shape\Graphics\Camera\Camera2D.cpp">
      <Filter>Shape\Graphics\Camera</Filter>
    </ClCompile>
    <ClCompile Include="Src\Shape\Graphics\Camera\EditorCamera.cpp">
      <Filter>Shape\Graphics\Camera</Filter>
    </ClCompile>
    <ClCompile Include="Src\Shape\Graphics\Camera\FPSCamera.cpp">
      <Filter>Shape\Graphics\Camera</Filter>
    </ClCompile>
    <ClCompile Include="Src\Shape\Graphics\Camera\ThirdPersonCamera.cpp">
      <Filter>Shape\Graphics\Camera</Filter>
    </ClCompile>
    <ClCompile Include="Src\Shape\Graphics\Environment.cpp">
      <Filter>Shape\Graphics</Filter>
    </ClCompile>
    <ClCompile Include="Src\Shape\Graphics\Font.cpp">
      <Filter>Shape\Graphics</Filter>
    </ClCompile>
    <ClCompile Include="Src\Shape\Graphics\GBuffer.cpp">
      <Filter>Shape\Graphics</Filter>
    </ClCompile>
    <ClCompile Include="Src\Shape\Graphics\Light.cpp">
      <Filter>Shape\Graphics</Filter>
    </ClCompile>
    <ClCompile Include="Src\Shape\Graphics\Material.cpp">
      <Filter>Shape\Graphics</Filter>
    </ClCompile>
    <ClCompile Include="Src\Shape\Graphics\Mesh.cpp">
      <Filter>Shape\Graphics</Filter>
    </ClCompile>
    <ClCompile Include="Src\Shape\Graphics\MeshFactory.cpp">
      <Filter>Shape\Graphics</Filter>
    </ClCompile>
    <ClCompile Include="Src\Shape\Graphics\Model.cpp">
      <Filter>Shape\Graphics</Filter>
    </ClCompile>
    <ClCompile Include="Src\Shape\Graphics\ModelLoader\FBXLoader.cpp">
      <Filter>Shape\Graphics\ModelLoader</Filter>
    </ClCompile>
    <ClCompile Include="Src\Shape\Graphics\ModelLoader\GLTFLoader.cpp">
      <Filter>Shape\Graphics\ModelLoader</Filter>
    </ClCompile>
    <ClCompile Include="Src\Shape\Graphics\ModelLoader\OBJLoader.cpp">
      <Filter>Shape\Graphics\ModelLoader</Filter>
    </ClCompile>
    <ClCompile Include="Src\Shape\Graphics\RHI\BufferLayout.cpp">
      <Filter>Shape\Graphics\RHI</Filter>
    </ClCompile>
    <ClCompile Include="Src\Shape\Graphics\RHI\CommandBuffer.cpp">
      <Filter>Shape\Graphics\RHI</Filter>
    </ClCompile>
    <ClCompile Include="Src\Shape\Graphics\RHI\DescriptorSet.cpp">
      <Filter>Shape\Graphics\RHI</Filter>
    </ClCompile>
    <ClCompile Include="Src\Shape\Graphics\RHI\Framebuffer.cpp">
      <Filter>Shape\Graphics\RHI</Filter>
    </ClCompile>
    <ClCompile Include="Src\Shape\Graphics\RHI\GraphicsContext.cpp">
      <Filter>Shape\Graphics\RHI</Filter>
    </ClCompile>
    <ClCompile Include="Src\Shape\Graphics\RHI\IMGUIRenderer.cpp">
      <Filter>Shape\Graphics\RHI</Filter>
    </ClCompile>
    <ClCompile Include="Src\Shape\Graphics\RHI\IndexBuffer.cpp">
      <Filter>Shape\Graphics\RHI</Filter>
    </ClCompile>
    <ClCompile Include="Src\Shape\Graphics\RHI\Pipeline.cpp">
      <Filter>Shape\Graphics\RHI</Filter>
    </ClCompile>
    <ClCompile Include="Src\Shape\Graphics\RHI\RenderDevice.cpp">
      <Filter>Shape\Graphics\RHI</Filter>
    </ClCompile>
    <ClCompile Include="Src\Shape\Graphics\RHI\RenderDoc.cpp">
      <Filter>Shape\Graphics\RHI</Filter>
    </ClCompile>
    <ClCompile Include="Src\Shape\Graphics\RHI\RenderPass.cpp">
      <Filter>Shape\Graphics\RHI</Filter>
    </ClCompile>
    <ClCompile Include="Src\Shape\Graphics\RHI\Renderer.cpp">
      <Filter>Shape\Graphics\RHI</Filter>
    </ClCompile>
    <ClCompile Include="Src\Shape\Graphics\RHI\Shader.cpp">
      <Filter>Shape\Graphics\RHI</Filter>
    </ClCompile>
    <ClCompile Include="Src\Shape\Graphics\RHI\SwapChain.cpp">
      <Filter>Shape\Graphics\RHI</Filter>
    </ClCompile>
    <ClCompile Include="Src\Shape\Graphics\RHI\Texture.cpp">
      <Filter>Shape\Graphics\RHI</Filter>
    </ClCompile>
    <ClCompile Include="Src\Shape\Graphics\RHI\UniformBuffer.cpp">
      <Filter>Shape\Graphics\RHI</Filter>
    </ClCompile>
    <ClCompile Include="Src\Shape\Graphics\RHI\VertexBuffer.cpp">
      <Filter>Shape\Graphics\RHI</Filter>
    </ClCompile>
    <ClCompile Include="Src\Shape\Graphics\Renderable2D.cpp">
      <Filter>Shape\Graphics</Filter>
    </ClCompile>
    <ClCompile Include="Src\Shape\Graphics\Renderers\DebugRenderer.cpp">
      <Filter>Shape\Graphics\Renderers</Filter>
    </ClCompile>
    <ClCompile Include="Src\Shape\Graphics\Renderers\GridRenderer.cpp">
      <Filter>Shape\Graphics\Renderers</Filter>
    </ClCompile>
    <ClCompile Include="Src\Shape\Graphics\Renderers\IRenderer.cpp">
      <Filter>Shape\Graphics\Renderers</Filter>
    </ClCompile>
    <ClCompile Include="Src\Shape\Graphics\Renderers\SceneRenderer.cpp">
      <Filter>Shape\Graphics\Renderers</Filter>
    </ClCompile>
    <ClCompile Include="Src\Shape\Graphics\Sprite.cpp">
      <Filter>Shape\Graphics</Filter>
    </ClCompile>
    <ClCompile Include="Src\Shape\Graphics\Terrain.cpp">
      <Filter>Shape\Graphics</Filter>
    </ClCompile>
    <ClCompile Include="Src\Shape\ImGui\ImGuiManager.cpp">
      <Filter>Shape\ImGui</Filter>
    </ClCompile>
    <ClCompile Include="Src\Shape\ImGui\ImGuiUtilities.cpp">
      <Filter>Shape\ImGui</Filter>
    </ClCompile>
    <ClCompile Include="Src\Shape\Maths\BoundingBox.cpp">
      <Filter>Shape\Maths</Filter>
    </ClCompile>
    <ClCompile Include="Src\Shape\Maths\BoundingSphere.cpp">
      <Filter>Shape\Maths</Filter>
    </ClCompile>
    <ClCompile Include="Src\Shape\Maths\Frustum.cpp">
      <Filter>Shape\Maths</Filter>
    </ClCompile>
    <ClCompile Include="Src\Shape\Maths\Maths.cpp">
      <Filter>Shape\Maths</Filter>
    </ClCompile>
    <ClCompile Include="Src\Shape\Maths\MathsUtilities.cpp">
      <Filter>Shape\Maths</Filter>
    </ClCompile>
    <ClCompile Include="Src\Shape\Maths\Plane.cpp">
      <Filter>Shape\Maths</Filter>
    </ClCompile>
    <ClCompile Include="Src\Shape\Maths\Random.cpp">
      <Filter>Shape\Maths</Filter>
    </ClCompile>
    <ClCompile Include="Src\Shape\Maths\Ray.cpp">
      <Filter>Shape\Maths</Filter>
    </ClCompile>
    <ClCompile Include="Src\Shape\Maths\Rect.cpp">
      <Filter>Shape\Maths</Filter>
    </ClCompile>
    <ClCompile Include="Src\Shape\Maths\Transform.cpp">
      <Filter>Shape\Maths</Filter>
    </ClCompile>
    <ClCompile Include="Src\Shape\Physics\B2PhysicsEngine\B2DebugDraw.cpp">
      <Filter>Shape\Physics\B2PhysicsEngine</Filter>
    </ClCompile>
    <ClCompile Include="Src\Shape\Physics\B2PhysicsEngine\B2PhysicsEngine.cpp">
      <Filter>Shape\Physics\B2PhysicsEngine</Filter>
    </ClCompile>
    <ClCompile Include="Src\Shape\Physics\B2PhysicsEngine\RigidBody2D.cpp">
      <Filter>Shape\Physics\B2PhysicsEngine</Filter>
    </ClCompile>
    <ClCompile Include="Src\Shape\Physics\LumosPhysicsEngine\Broadphase\BruteForceBroadphase.cpp">
      <Filter>Shape\Physics\LumosPhysicsEngine\Broadphase</Filter>
    </ClCompile>
    <ClCompile Include="Src\Shape\Physics\LumosPhysicsEngine\Broadphase\OctreeBroadphase.cpp">
      <Filter>Shape\Physics\LumosPhysicsEngine\Broadphase</Filter>
    </ClCompile>
    <ClCompile Include="Src\Shape\Physics\LumosPhysicsEngine\Broadphase\SortAndSweepBroadphase.cpp">
      <Filter>Shape\Physics\LumosPhysicsEngine\Broadphase</Filter>
    </ClCompile>
    <ClCompile Include="Src\Shape\Physics\LumosPhysicsEngine\CollisionShapes\CapsuleCollisionShape.cpp">
      <Filter>Shape\Physics\LumosPhysicsEngine\CollisionShapes</Filter>
    </ClCompile>
    <ClCompile Include="Src\Shape\Physics\LumosPhysicsEngine\CollisionShapes\CuboidCollisionShape.cpp">
      <Filter>Shape\Physics\LumosPhysicsEngine\CollisionShapes</Filter>
    </ClCompile>
    <ClCompile Include="Src\Shape\Physics\LumosPhysicsEngine\CollisionShapes\Hull.cpp">
      <Filter>Shape\Physics\LumosPhysicsEngine\CollisionShapes</Filter>
    </ClCompile>
    <ClCompile Include="Src\Shape\Physics\LumosPhysicsEngine\CollisionShapes\HullCollisionShape.cpp">
      <Filter>Shape\Physics\LumosPhysicsEngine\CollisionShapes</Filter>
    </ClCompile>
    <ClCompile Include="Src\Shape\Physics\LumosPhysicsEngine\CollisionShapes\PyramidCollisionShape.cpp">
      <Filter>Shape\Physics\LumosPhysicsEngine\CollisionShapes</Filter>
    </ClCompile>
    <ClCompile Include="Src\Shape\Physics\LumosPhysicsEngine\CollisionShapes\SphereCollisionShape.cpp">
      <Filter>Shape\Physics\LumosPhysicsEngine\CollisionShapes</Filter>
    </ClCompile>
    <ClCompile Include="Src\Shape\Physics\LumosPhysicsEngine\Constraints\AxisConstraint.cpp">
      <Filter>Shape\Physics\LumosPhysicsEngine\Constraints</Filter>
    </ClCompile>
    <ClCompile Include="Src\Shape\Physics\LumosPhysicsEngine\Constraints\DistanceConstraint.cpp">
      <Filter>Shape\Physics\LumosPhysicsEngine\Constraints</Filter>
    </ClCompile>
    <ClCompile Include="Src\Shape\Physics\LumosPhysicsEngine\Constraints\SpringConstraint.cpp">
      <Filter>Shape\Physics\LumosPhysicsEngine\Constraints</Filter>
    </ClCompile>
    <ClCompile Include="Src\Shape\Physics\LumosPhysicsEngine\Constraints\WeldConstraint.cpp">
      <Filter>Shape\Physics\LumosPhysicsEngine\Constraints</Filter>
    </ClCompile>
    <ClCompile Include="Src\Shape\Physics\LumosPhysicsEngine\Integration.cpp">
      <Filter>Shape\Physics\LumosPhysicsEngine</Filter>
    </ClCompile>
    <ClCompile Include="Src\Shape\Physics\LumosPhysicsEngine\LumosPhysicsEngine.cpp">
      <Filter>Shape\Physics\LumosPhysicsEngine</Filter>
    </ClCompile>
    <ClCompile Include="Src\Shape\Physics\LumosPhysicsEngine\Narrowphase\CollisionDetection.cpp">
      <Filter>Shape\Physics\LumosPhysicsEngine\Narrowphase</Filter>
    </ClCompile>
    <ClCompile Include="Src\Shape\Physics\LumosPhysicsEngine\Narrowphase\Manifold.cpp">
      <Filter>Shape\Physics\LumosPhysicsEngine\Narrowphase</Filter>
    </ClCompile>
    <ClCompile Include="Src\Shape\Physics\LumosPhysicsEngine\RigidBody3D.cpp">
      <Filter>Shape\Physics\LumosPhysicsEngine</Filter>
    </ClCompile>
    <ClCompile Include="Src\Shape\Physics\RigidBody.cpp">
      <Filter>Shape\Physics</Filter>
    </ClCompile>
    <ClCompile Include="Src\Shape\Platform\GLFW\GLFWWindow.cpp">
      <Filter>Shape\Platform\GLFW</Filter>
    </ClCompile>
    <ClCompile Include="Src\Shape\Platform\Headless\HeadlessWindow.cpp">
      <Filter>Shape\Platform\Headless</Filter>
    </ClCompile>
    <ClCompile Include="Src\Shape\Platform\Headless\RenderAPINone.cpp">
      <Filter>Shape\Platform\Headless</Filter>
    </ClCompile>
    <ClCompile Include="Src\Shape\Platform\OpenAL\ALManager.cpp">
      <Filter>Shape\Platform\OpenAL</Filter>
    </ClCompile>
    <ClCompile Include="Src\Shape\Platform\OpenAL\ALSound.cpp">
      <Filter>Shape\Platform\OpenAL</Filter>
    </ClCompile>
    <ClCompile Include="Src\Shape\Platform\OpenAL\ALSoundNode.cpp">
      <Filter>Shape\Platform\OpenAL</Filter>
    </ClCompile>
    <ClCompile Include="Src\Shape\Platform\OpenGL\GLCommandBuffer.cpp">
      <Filter>Shape\Platform\OpenGL</Filter>
    </ClCompile>
    <ClCompile Include="Src\Shape\Platform\OpenGL\GLContext.cpp">
      <Filter>Shape\Platform\OpenGL</Filter>
    </ClCompile>
    <ClCompile Include="Src\Shape\Platform\OpenGL\GLDebug.cpp">
      <Filter>Shape\Platform\OpenGL</Filter>
    </ClCompile>
    <ClCompile Include="Src\Shape\Platform\OpenGL\GLDescriptorSet.cpp">
      <Filter>Shape\Platform\OpenGL</Filter>
    </ClCompile>
    <ClCompile Include="Src\Shape\Platform\OpenGL\GLFramebuffer.cpp">
      <Filter>Shape\Platform\OpenGL</Filter>
    </ClCompile>
    <ClCompile Include="Src\Shape\Platform\OpenGL\GLFunctions.cpp">
      <Filter>Shape\Platform\OpenGL</Filter>
    </ClCompile>
    <ClCompile Include="Src\Shape\Platform\OpenGL\GLIMGUIRenderer.cpp">
      <Filter>Shape\Platform\OpenGL</Filter>
    </ClCompile>
    <ClCompile Include="Src\Shape\Platform\OpenGL\GLIndexBuffer.cpp">
      <Filter>Shape\Platform\OpenGL</Filter>
    </ClCompile>
    <ClCompile Include="Src\Shape\Platform\OpenGL\GLPipeline.cpp">
      <Filter>Shape\Platform\OpenGL</Filter>
    </ClCompile>
    <ClCompile Include="Src\Shape\Platform\OpenGL\GLRenderDevice.cpp">
      <Filter>Shape\Platform\OpenGL</Filter>
    </ClCompile>
    <ClCompile Include="Src\Shape\Platform\OpenGL\GLRenderPass.cpp">
      <Filter>Shape\Platform\OpenGL</Filter>
    </ClCompile>
    <ClCompile Include="Src\Shape\Platform\OpenGL\GLRenderer.cpp">
      <Filter>Shape\Platform\OpenGL</Filter>
    </ClCompile>
    <ClCompile Include="Src\Shape\Platform\OpenGL\GLShader.cpp">
      <Filter>Shape\Platform\OpenGL</Filter>
    </ClCompile>
    <ClCompile Include="Src\Shape\Platform\OpenGL\GLSwapChain.cpp">
      <Filter>Shape\Platform\OpenGL</Filter>
    </ClCompile>
    <ClCompile Include="Src\Shape\Platform\OpenGL\GLTexture.cpp">
      <Filter>Shape\Platform\OpenGL</Filter>
    </ClCompile>
    <ClCompile Include="Src\Shape\Platform\OpenGL\GLUniformBuffer.cpp">
      <Filter>Shape\Platform\OpenGL</Filter>
    </ClCompile>
    <ClCompile Include="Src\Shape\Platform\OpenGL\GLUtilities.cpp">
      <Filter>Shape\Platform\OpenGL</Filter>
    </ClCompile>
    <ClCompile Include="Src\Shape\Platform\OpenGL\GLVertexBuffer.cpp">
      <Filter>Shape\Platform\OpenGL</Filter>
    </ClCompile>
    <ClCompile Include="Src\Shape\Platform\Unix\UnixFileSystem.cpp">
      <Filter>Shape\Platform\Unix</Filter>
    </ClCompile>
    <ClCompile Include="Src\Shape\Platform\Unix\UnixOS.cpp">
      <Filter>Shape\Platform\Unix</Filter>
    </ClCompile>
    <ClCompile Include="Src\Shape\Platform\Unix\UnixTimer.cpp">
      <Filter>Shape\Platform\Unix</Filter>
    </ClCompile>
    <ClCompile Include="Src\Shape\Platform\Unix\UnixVulkan.cpp">
      <Filter>Shape\Platform\Unix</Filter>
    </ClCompile>
    <ClCompile Include="Src\Shape\Platform\Vulkan\VK.cpp">
      <Filter>Shape\Platform\Vulkan</Filter>
    </ClCompile>
    <ClCompile Include="Src\Shape\Platform\Vulkan\VKBuffer.cpp">
      <Filter>Shape\Platform\Vulkan</Filter>
    </ClCompile>
    <ClCompile Include="Src\Shape\Platform\Vulkan\VKCommandBuffer.cpp">
      <Filter>Shape\Platform\Vulkan</Filter>
    </ClCompile>
    <ClCompile Include="Src\Shape\Platform\Vulkan\VKCommandPool.cpp">
      <Filter>Shape\Platform\Vulkan</Filter>
    </ClCompile>
    <ClCompile Include="Src\Shape\Platform\Vulkan\VKContext.cpp">
      <Filter>Shape\Platform\Vulkan</Filter>
    </ClCompile>
    <ClCompile Include="Src\Shape\Platform\Vulkan\VKDescriptorSet.cpp">
      <Filter>Shape\Platform\Vulkan</Filter>
    </ClCompile>
    <ClCompile Include="Src\Shape\Platform\Vulkan\VKDevice.cpp">
      <Filter>Shape\Platform\Vulkan</Filter>
    </ClCompile>
    <ClCompile Include="Src\Shape\Platform\Vulkan\VKFence.cpp">
      <Filter>Shape\Platform\Vulkan</Filter>
    </ClCompile>
    <ClCompile Include="Src\Shape\Platform\Vulkan\VKFramebuffer.cpp">
      <Filter>Shape\Platform\Vulkan</Filter>
    </ClCompile>
    <ClCompile Include="Src\Shape\Platform\Vulkan\VKFunctions.cpp">
      <Filter>Shape\Platform\Vulkan</Filter>
    </ClCompile>
    <ClCompile Include="Src\Shape\Platform\Vulkan\VKIMGUIRenderer.cpp">
      <Filter>Shape\Platform\Vulkan</Filter>
    </ClCompile>
    <ClCompile Include="Src\Shape\Platform\Vulkan\VKIndexBuffer.cpp">
      <Filter>Shape\Platform\Vulkan</Filter>
    </ClCompile>
    <ClCompile Include="Src\Shape\Platform\Vulkan\VKPipeline.cpp">
      <Filter>Shape\Platform\Vulkan</Filter>
    </ClCompile>
    <ClCompile Include="Src\Shape\Platform\Vulkan\VKRenderDevice.cpp">
      <Filter>Shape\Platform\Vulkan</Filter>
    </ClCompile>
    <ClCompile Include="Src\Shape\Platform\Vulkan\VKRenderPass.cpp">
      <Filter>Shape\Platform\Vulkan</Filter>
    </ClCompile>
    <ClCompile Include="Src\Shape\Platform\Vulkan\VKRenderer.cpp">
      <Filter>Shape\Platform\Vulkan</Filter>
    </ClCompile>
    <ClCompile Include="Src\Shape\Platform\Vulkan\VKShader.cpp">
      <Filter>Shape\Platform\Vulkan</Filter>
    </ClCompile>
    <ClCompile Include="Src\Shape\Platform\Vulkan\VKSwapChain.cpp">
      <Filter>Shape\Platform\Vulkan</Filter>
    </ClCompile>
    <ClCompile Include="Src\Shape\Platform\Vulkan\VKTexture.cpp">
      <Filter>Shape\Platform\Vulkan</Filter>
    </ClCompile>
    <ClCompile Include="Src\Shape\Platform\Vulkan\VKUniformBuffer.cpp">
      <Filter>Shape\Platform\Vulkan</Filter>
    </ClCompile>
    <ClCompile Include="Src\Shape\Platform\Vulkan\VKUtilities.cpp">
      <Filter>Shape\Platform\Vulkan</Filter>
    </ClCompile>
    <ClCompile Include="Src\Shape\Platform\Vulkan\VKVertexBuffer.cpp">
      <Filter>Shape\Platform\Vulkan</Filter>
    </ClCompile>
    <ClCompile Include="Src\Shape\Platform\Windows\WindowsFileSystem.cpp">
      <Filter>Shape\Platform\Windows</Filter>
    </ClCompile>
    <ClCompile Include="Src\Shape\Platform\Windows\WindowsOS.cpp">
      <Filter>Shape\Platform\Windows</Filter>
    </ClCompile>
    <ClCompile Include="Src\Shape\Platform\Windows\WindowsPower.cpp">
      <Filter>Shape\Platform\Windows</Filter>
    </ClCompile>
    <ClCompile Include="Src\Shape\Platform\Windows\WindowsTimer.cpp">
      <Filter>Shape\Platform\Windows</Filter>
    </ClCompile>
    <ClCompile Include="Src\Shape\Platform\Windows\WindowsUtilities.cpp">
      <Filter>Shape\Platform\Windows</Filter>
    </ClCompile>
    <ClCompile Include="Src\Shape\Platform\Windows\WindowsVulkan.cpp">
      <Filter>Shape\Platform\Windows</Filter>
    </ClCompile>
    <ClCompile Include="Src\Shape\Platform\Windows\WindowsWindow.cpp">
      <Filter>Shape\Platform\Windows</Filter>
    </ClCompile>
    <ClCompile Include="Src\Shape\Scene\Component\AIComponent.cpp">
      <Filter>Shape\Scene\Component</Filter>
    </ClCompile>
    <ClCompile Include="Src\Shape\Scene\Component\ModelComponent.cpp">
      <Filter>Shape\Scene\Component</Filter>
    </ClCompile>
    <ClCompile Include="Src\Shape\Scene\Component\RigidBody2DComponent.cpp">
      <Filter>Shape\Scene\Component</Filter>
    </ClCompile>
    <ClCompile Include="Src\Shape\Scene\Component\RigidBody3DComponent.cpp">
      <Filter>Shape\Scene\Component</Filter>
    </ClCompile>
    <ClCompile Include="Src\Shape\Scene\Component\SoundComponent.cpp">
      <Filter>Shape\Scene\Component</Filter>
    </ClCompile>
    <ClCompile Include="Src\Shape\Scene\Component\TextureMatrixComponent.cpp">
      <Filter>Shape\Scene\Component</Filter>
    </ClCompile>
    <ClCompile Include="Src\Shape\Scene\EntityFactory.cpp">
      <Filter>Shape\Scene</Filter>
    </ClCompile>
    <ClCompile Include="Src\Shape\Scene\EntityManager.cpp">
      <Filter>Shape\Scene</Filter>
    </ClCompile>
    <ClCompile Include="Src\Shape\Scene\Scene.cpp">
      <Filter>Shape\Scene</Filter>
    </ClCompile>
    <ClCompile Include="Src\Shape\Scene\SceneGraph.cpp">
      <Filter>Shape\Scene</Filter>
    </ClCompile>
    <ClCompile Include="Src\Shape\Scene\SceneManager.cpp">
      <Filter>Shape\Scene</Filter>
    </ClCompile>
    <ClCompile Include="Src\Shape\Scripting\Lua\ImGuiLua.cpp">
      <Filter>Shape\Scripting\Lua</Filter>
    </ClCompile>
    <ClCompile Include="Src\Shape\Scripting\Lua\LuaManager.cpp">
      <Filter>Shape\Scripting\Lua</Filter>
    </ClCompile>
    <ClCompile Include="Src\Shape\Scripting\Lua\LuaScriptComponent.cpp">
      <Filter>Shape\Scripting\Lua</Filter>
    </ClCompile>
    <ClCompile Include="Src\Shape\Scripting\Lua\MathsLua.cpp">
      <Filter>Shape\Scripting\Lua</Filter>
    </ClCompile>
    <ClCompile Include="Src\Shape\Scripting\Lua\PhysicsLua.cpp">
      <Filter>Shape\Scripting\Lua</Filter>
    </ClCompile>
    <ClCompile Include="Src\Shape\Utilities\ExternalBuild.cpp">
      <Filter>Shape\Utilities</Filter>
    </ClCompile>
    <ClCompile Include="Src\Shape\Utilities\IniFile.cpp">
      <Filter>Shape\Utilities</Filter>
    </ClCompile>
    <ClCompile Include="Src\Shape\Utilities\LoadImage.cpp">
      <Filter>Shape\Utilities</Filter>
    </ClCompile>
    <ClCompile Include="Src\Shape\Utilities\TimeStep.cpp">
      <Filter>Shape\Utilities</Filter>
    </ClCompile>
    <ClCompile Include="Src\Shape\Utilities\Timer.cpp">
      <Filter>Shape\Utilities</Filter>
    </ClCompile>
  </ItemGroup>
</Project>